
Microsoft Visual Studio Solution File, Format Version 12.00
# Visual Studio 14
VisualStudioVersion = 14.0.23107.0
MinimumVisualStudioVersion = 10.0.40219.1
Project("{888888A0-9F3D-457C-B088-3A5042F75D52}") = "PythonApplication1", "PythonApplication1\PythonApplication1.pyproj", "{1496DEC6-41E8-49C0-814D-B975360B9EBB}"
EndProject
Project("{888888A0-9F3D-457C-B088-3A5042F75D52}") = "PythonApplication2", "PythonApplication2\PythonApplication2.pyproj", "{52686B65-2C39-42F3-A748-220B23175620}"
EndProject
Global
	GlobalSection(SolutionConfigurationPlatforms) = preSolution
		Debug|Any CPU = Debug|Any CPU
		Release|Any CPU = Release|Any CPU
	EndGlobalSection
	GlobalSection(ProjectConfigurationPlatforms) = postSolution
		{1496DEC6-41E8-49C0-814D-B975360B9EBB}.Debug|Any CPU.ActiveCfg = Debug|Any CPU
		{1496DEC6-41E8-49C0-814D-B975360B9EBB}.Release|Any CPU.ActiveCfg = Release|Any CPU
		{52686B65-2C39-42F3-A748-220B23175620}.Debug|Any CPU.ActiveCfg = Debug|Any CPU
		{52686B65-2C39-42F3-A748-220B23175620}.Release|Any CPU.ActiveCfg = Release|Any CPU
	EndGlobalSection
	GlobalSection(SolutionProperties) = preSolution
		HideSolutionNode = FALSE
	EndGlobalSection
EndGlobal
